
Microsoft Visual Studio Solution File, Format Version 11.00
# Visual Studio 2010
Project("{FAE04EC0-301F-11D3-BF4B-00C04F79EFBC}") = "I'm not crazy", "Assembly-CSharp.csproj", "{13D9A115-5454-7AF1-F830-F823E80C6713}"
EndProject
Project("{B0DB7726-9707-8CBA-F274-3D8708FAD0EE}") = "I'm not crazy", "Assembly-UnityScript-firstpass.unityproj", "{C48D0401-6BC5-82FA-AA9D-CEE776261DC6}"
EndProject
Global
	GlobalSection(SolutionConfigurationPlatforms) = preSolution
		Debug|Any CPU = Debug|Any CPU
		Release|Any CPU = Release|Any CPU
	EndGlobalSection
	GlobalSection(ProjectConfigurationPlatforms) = postSolution
		{13D9A115-5454-7AF1-F830-F823E80C6713}.Debug|Any CPU.ActiveCfg = Debug|Any CPU
		{13D9A115-5454-7AF1-F830-F823E80C6713}.Debug|Any CPU.Build.0 = Debug|Any CPU
		{13D9A115-5454-7AF1-F830-F823E80C6713}.Release|Any CPU.ActiveCfg = Release|Any CPU
		{13D9A115-5454-7AF1-F830-F823E80C6713}.Release|Any CPU.Build.0 = Release|Any CPU
		{C48D0401-6BC5-82FA-AA9D-CEE776261DC6}.Debug|Any CPU.ActiveCfg = Debug|Any CPU
		{C48D0401-6BC5-82FA-AA9D-CEE776261DC6}.Debug|Any CPU.Build.0 = Debug|Any CPU
		{C48D0401-6BC5-82FA-AA9D-CEE776261DC6}.Release|Any CPU.ActiveCfg = Release|Any CPU
		{C48D0401-6BC5-82FA-AA9D-CEE776261DC6}.Release|Any CPU.Build.0 = Release|Any CPU
	EndGlobalSection
	GlobalSection(SolutionProperties) = preSolution
		HideSolutionNode = FALSE
	EndGlobalSection
	GlobalSection(MonoDevelopProperties) = preSolution
		StartupItem = Assembly-CSharp.csproj
	EndGlobalSection
EndGlobal
